
Microsoft Visual Studio Solution File, Format Version 12.00
# Visual Studio Version 17
VisualStudioVersion = 17.0.31912.275
MinimumVisualStudioVersion = 10.0.40219.1
Project("{FAE04EC0-301F-11D3-BF4B-00C04F79EFBC}") = "Tokens", "Tokens\Tokens.csproj", "{B295F4EE-D0B9-48AC-A640-E9750F7989E1}"
EndProject
Global
	GlobalSection(SolutionConfigurationPlatforms) = preSolution
		Debug|Any CPU = Debug|Any CPU
		Release|Any CPU = Release|Any CPU
	EndGlobalSection
	GlobalSection(ProjectConfigurationPlatforms) = postSolution
		{B295F4EE-D0B9-48AC-A640-E9750F7989E1}.Debug|Any CPU.ActiveCfg = Debug|Any CPU
		{B295F4EE-D0B9-48AC-A640-E9750F7989E1}.Debug|Any CPU.Build.0 = Debug|Any CPU
		{B295F4EE-D0B9-48AC-A640-E9750F7989E1}.Release|Any CPU.ActiveCfg = Release|Any CPU
		{B295F4EE-D0B9-48AC-A640-E9750F7989E1}.Release|Any CPU.Build.0 = Release|Any CPU
	EndGlobalSection
	GlobalSection(SolutionProperties) = preSolution
		HideSolutionNode = FALSE
	EndGlobalSection
	GlobalSection(ExtensibilityGlobals) = postSolution
		SolutionGuid = {5F0C6994-BE89-4B9E-8A6A-A96FCF61F275}
	EndGlobalSection
EndGlobal
